
Microsoft Visual Studio Solution File, Format Version 11.00
# Visual Studio 2010
Project("{FAE04EC0-301F-11D3-BF4B-00C04F79EFBC}") = "Assembly-CSharp", "Assembly-CSharp.csproj", "{69b2aa39-b6fa-a8b3-6269-9b12455975b3}"
EndProject
Project("{FAE04EC0-301F-11D3-BF4B-00C04F79EFBC}") = "Assembly-CSharp-Editor", "Assembly-CSharp-Editor.csproj", "{a33107ab-bce1-510e-903a-7763032bfbde}"
EndProject
Global
	GlobalSection(SolutionConfigurationPlatforms) = preSolution
		Debug|Any CPU = Debug|Any CPU
	EndGlobalSection
	GlobalSection(ProjectConfigurationPlatforms) = postSolution
		{69b2aa39-b6fa-a8b3-6269-9b12455975b3}.Debug|Any CPU.ActiveCfg = Debug|Any CPU
		{69b2aa39-b6fa-a8b3-6269-9b12455975b3}.Debug|Any CPU.Build.0 = Debug|Any CPU
		{a33107ab-bce1-510e-903a-7763032bfbde}.Debug|Any CPU.ActiveCfg = Debug|Any CPU
		{a33107ab-bce1-510e-903a-7763032bfbde}.Debug|Any CPU.Build.0 = Debug|Any CPU
	EndGlobalSection
	GlobalSection(SolutionProperties) = preSolution
		HideSolutionNode = FALSE
	EndGlobalSection
EndGlobal
